
Microsoft Visual Studio Solution File, Format Version 12.00
# Visual Studio 2012
Project("{FAE04EC0-301F-11D3-BF4B-00C04F79EFBC}") = "TicTacToeUltimate", "TicTacToeUltimate\TicTacToeUltimate.csproj", "{46965E36-5578-441B-94A0-7A45AD9F333C}"
EndProject
Global
	GlobalSection(SolutionConfigurationPlatforms) = preSolution
		Debug|Any CPU = Debug|Any CPU
		Release|Any CPU = Release|Any CPU
	EndGlobalSection
	GlobalSection(ProjectConfigurationPlatforms) = postSolution
		{46965E36-5578-441B-94A0-7A45AD9F333C}.Debug|Any CPU.ActiveCfg = Debug|Any CPU
		{46965E36-5578-441B-94A0-7A45AD9F333C}.Debug|Any CPU.Build.0 = Debug|Any CPU
		{46965E36-5578-441B-94A0-7A45AD9F333C}.Release|Any CPU.ActiveCfg = Release|Any CPU
		{46965E36-5578-441B-94A0-7A45AD9F333C}.Release|Any CPU.Build.0 = Release|Any CPU
	EndGlobalSection
	GlobalSection(SolutionProperties) = preSolution
		HideSolutionNode = FALSE
	EndGlobalSection
EndGlobal
